
Microsoft Visual Studio Solution File, Format Version 12.00
# Visual Studio 15
VisualStudioVersion = 15.0.27428.2002
MinimumVisualStudioVersion = 10.0.40219.1
Project("{8BC9CEB8-8B4A-11D0-8D11-00A0C91BC942}") = "rpg", "rpg\rpg.vcxproj", "{A79E33CA-DA12-4CF4-8EE3-D262E7B5E348}"
EndProject
Global
	GlobalSection(SolutionConfigurationPlatforms) = preSolution
		Debug|x64 = Debug|x64
		Debug|x86 = Debug|x86
		Release|x64 = Release|x64
		Release|x86 = Release|x86
	EndGlobalSection
	GlobalSection(ProjectConfigurationPlatforms) = postSolution
		{A79E33CA-DA12-4CF4-8EE3-D262E7B5E348}.Debug|x64.ActiveCfg = Debug|x64
		{A79E33CA-DA12-4CF4-8EE3-D262E7B5E348}.Debug|x64.Build.0 = Debug|x64
		{A79E33CA-DA12-4CF4-8EE3-D262E7B5E348}.Debug|x86.ActiveCfg = Debug|Win32
		{A79E33CA-DA12-4CF4-8EE3-D262E7B5E348}.Debug|x86.Build.0 = Debug|Win32
		{A79E33CA-DA12-4CF4-8EE3-D262E7B5E348}.Release|x64.ActiveCfg = Release|x64
		{A79E33CA-DA12-4CF4-8EE3-D262E7B5E348}.Release|x64.Build.0 = Release|x64
		{A79E33CA-DA12-4CF4-8EE3-D262E7B5E348}.Release|x86.ActiveCfg = Release|Win32
		{A79E33CA-DA12-4CF4-8EE3-D262E7B5E348}.Release|x86.Build.0 = Release|Win32
	EndGlobalSection
	GlobalSection(SolutionProperties) = preSolution
		HideSolutionNode = FALSE
	EndGlobalSection
	GlobalSection(ExtensibilityGlobals) = postSolution
		SolutionGuid = {E0061EB8-019F-40ED-A939-6043BAA490B5}
	EndGlobalSection
EndGlobal
