<?xml version="1.0" encoding="utf-8"?>
<Project ToolsVersion="4.0" xmlns="http://schemas.microsoft.com/developer/msbuild/2003">
  <ItemGroup>
    <Filter Include="Source Files">
      <UniqueIdentifier>{4FC737F1-C7A5-4376-A066-2A32D752A2FF}</UniqueIdentifier>
      <Extensions>cpp;c;cc;cxx;def;odl;idl;hpj;bat;asm;asmx</Extensions>
    </Filter>
    <Filter Include="Header Files">
      <UniqueIdentifier>{93995380-89BD-4b04-88EB-625FBE52EBFB}</UniqueIdentifier>
      <Extensions>h;hh;hpp;hxx;hm;inl;inc;ipp;xsd</Extensions>
    </Filter>
    <Filter Include="Resource Files">
      <UniqueIdentifier>{67DA6AB6-F800-4c08-8B7A-83BB121AAD01}</UniqueIdentifier>
      <Extensions>rc;ico;cur;bmp;dlg;rc2;rct;bin;rgs;gif;jpg;jpeg;jpe;resx;tiff;tif;png;wav;mfcribbon-ms</Extensions>
    </Filter>
  </ItemGroup>
  <ItemGroup>
    <ClCompile Include="..\src\actor.cpp">
      <Filter>Source Files</Filter>
    </ClCompile>
    <ClCompile Include="..\src\Battle.cpp">
      <Filter>Source Files</Filter>
    </ClCompile>
    <ClCompile Include="..\src\Characters.cpp">
      <Filter>Source Files</Filter>
    </ClCompile>
    <ClCompile Include="..\src\Enemy.cpp">
      <Filter>Source Files</Filter>
    </ClCompile>
    <ClCompile Include="..\src\Events.cpp">
      <Filter>Source Files</Filter>
    </ClCompile>
    <ClCompile Include="..\src\game.cpp">
      <Filter>Source Files</Filter>
    </ClCompile>
    <ClCompile Include="..\src\Invetory.cpp">
      <Filter>Source Files</Filter>
    </ClCompile>
    <ClCompile Include="..\src\Items.cpp">
      <Filter>Source Files</Filter>
    </ClCompile>
    <ClCompile Include="..\src\main.cpp">
      <Filter>Source Files</Filter>
    </ClCompile>
    <ClCompile Include="..\src\Party.cpp">
      <Filter>Source Files</Filter>
    </ClCompile>
    <ClCompile Include="..\src\skills.cpp">
      <Filter>Source Files</Filter>
    </ClCompile>
    <ClCompile Include="..\src\sprite.cpp">
      <Filter>Source Files</Filter>
    </ClCompile>
    <ClCompile Include="..\src\tileMaps.cpp">
      <Filter>Source Files</Filter>
    </ClCompile>
    <ClCompile Include="..\src\ui.cpp">
      <Filter>Source Files</Filter>
    </ClCompile>
    <ClCompile Include="..\src\velocity.cpp">
      <Filter>Source Files</Filter>
    </ClCompile>
    <ClCompile Include="tileMapEditor.cpp">
      <Filter>Source Files</Filter>
    </ClCompile>
  </ItemGroup>
  <ItemGroup>
    <ClInclude Include="..\src\actor.h">
      <Filter>Source Files</Filter>
    </ClInclude>
    <ClInclude Include="..\src\Battle.h">
      <Filter>Source Files</Filter>
    </ClInclude>
    <ClInclude Include="..\src\Characters.h">
      <Filter>Source Files</Filter>
    </ClInclude>
    <ClInclude Include="..\src\common.h">
      <Filter>Source Files</Filter>
    </ClInclude>
    <ClInclude Include="..\src\creature.h">
      <Filter>Source Files</Filter>
    </ClInclude>
    <ClInclude Include="..\src\Enemy.h">
      <Filter>Source Files</Filter>
    </ClInclude>
    <ClInclude Include="..\src\Events.h">
      <Filter>Source Files</Filter>
    </ClInclude>
    <ClInclude Include="..\src\game.h">
      <Filter>Source Files</Filter>
    </ClInclude>
    <ClInclude Include="..\src\Invetory.h">
      <Filter>Source Files</Filter>
    </ClInclude>
    <ClInclude Include="..\src\Items.h">
      <Filter>Source Files</Filter>
    </ClInclude>
    <ClInclude Include="..\src\json.hpp">
      <Filter>Source Files</Filter>
    </ClInclude>
    <ClInclude Include="..\src\move.h">
      <Filter>Source Files</Filter>
    </ClInclude>
    <ClInclude Include="..\src\Party.h">
      <Filter>Source Files</Filter>
    </ClInclude>
    <ClInclude Include="..\src\position.h">
      <Filter>Source Files</Filter>
    </ClInclude>
    <ClInclude Include="..\src\skills.h">
      <Filter>Source Files</Filter>
    </ClInclude>
    <ClInclude Include="..\src\sprite.h">
      <Filter>Source Files</Filter>
    </ClInclude>
    <ClInclude Include="..\src\stats.h">
      <Filter>Source Files</Filter>
    </ClInclude>
    <ClInclude Include="..\src\stb_image.h">
      <Filter>Source Files</Filter>
    </ClInclude>
    <ClInclude Include="..\src\tileMaps.h">
      <Filter>Source Files</Filter>
    </ClInclude>
    <ClInclude Include="..\src\ui.h">
      <Filter>Source Files</Filter>
    </ClInclude>
    <ClInclude Include="..\src\velocity.h">
      <Filter>Source Files</Filter>
    </ClInclude>
    <ClInclude Include="tileMapEditor.h">
      <Filter>Header Files</Filter>
    </ClInclude>
  </ItemGroup>
</Project>